
Microsoft Visual Studio Solution File, Format Version 12.00
# Visual Studio 2012
Project("{FAE04EC0-301F-11D3-BF4B-00C04F79EFBC}") = "Forum.Models", "Forum.Models\Forum.Models.csproj", "{54B005BD-BDFD-43CF-9D96-81A3D745782F}"
EndProject
Project("{FAE04EC0-301F-11D3-BF4B-00C04F79EFBC}") = "Forum.Data", "Forum.Data\Forum.Data.csproj", "{035411FA-01E4-4F4D-A63C-219E8ABDBBB2}"
EndProject
Project("{FAE04EC0-301F-11D3-BF4B-00C04F79EFBC}") = "Forum.Services", "Forum.Services\Forum.Services.csproj", "{810760EB-E173-452F-A886-5A990532E75D}"
EndProject
Global
	GlobalSection(SolutionConfigurationPlatforms) = preSolution
		Debug|Any CPU = Debug|Any CPU
		Release|Any CPU = Release|Any CPU
	EndGlobalSection
	GlobalSection(ProjectConfigurationPlatforms) = postSolution
		{54B005BD-BDFD-43CF-9D96-81A3D745782F}.Debug|Any CPU.ActiveCfg = Debug|Any CPU
		{54B005BD-BDFD-43CF-9D96-81A3D745782F}.Debug|Any CPU.Build.0 = Debug|Any CPU
		{54B005BD-BDFD-43CF-9D96-81A3D745782F}.Release|Any CPU.ActiveCfg = Release|Any CPU
		{54B005BD-BDFD-43CF-9D96-81A3D745782F}.Release|Any CPU.Build.0 = Release|Any CPU
		{035411FA-01E4-4F4D-A63C-219E8ABDBBB2}.Debug|Any CPU.ActiveCfg = Debug|Any CPU
		{035411FA-01E4-4F4D-A63C-219E8ABDBBB2}.Debug|Any CPU.Build.0 = Debug|Any CPU
		{035411FA-01E4-4F4D-A63C-219E8ABDBBB2}.Release|Any CPU.ActiveCfg = Release|Any CPU
		{035411FA-01E4-4F4D-A63C-219E8ABDBBB2}.Release|Any CPU.Build.0 = Release|Any CPU
		{810760EB-E173-452F-A886-5A990532E75D}.Debug|Any CPU.ActiveCfg = Debug|Any CPU
		{810760EB-E173-452F-A886-5A990532E75D}.Debug|Any CPU.Build.0 = Debug|Any CPU
		{810760EB-E173-452F-A886-5A990532E75D}.Release|Any CPU.ActiveCfg = Release|Any CPU
		{810760EB-E173-452F-A886-5A990532E75D}.Release|Any CPU.Build.0 = Release|Any CPU
	EndGlobalSection
	GlobalSection(SolutionProperties) = preSolution
		HideSolutionNode = FALSE
	EndGlobalSection
EndGlobal
